{
    "name": "sakiengine-syntax",
    "version": "0.0.7",
    "lockfileVersion": 3,
    "requires": true,
    "packages": {
        "": {
            "name": "sakiengine-syntax",
            "version": "0.0.7",
            "engines": {
                "vscode": "^1.80.0"
            }
        }
    }
}
