PODS:
  - audioplayers_darwin (0.0.1):
    - Flutter
    - FlutterMacOS
  - flutter_avif_macos (0.0.1):
    - FlutterMacOS
  - flutter_steamworks (0.0.1):
    - FlutterMacOS
  - FlutterMacOS (1.0.0)
  - fvp (0.34.0):
    - Flutter
    - FlutterMacOS
    - mdk (~> 0.34.0)
  - HotKey (0.2.1)
  - hotkey_manager_macos (0.0.1):
    - FlutterMacOS
    - HotKey
  - mdk (0.34.0)
  - path_provider_foundation (0.0.1):
    - Flutter
    - FlutterMacOS
  - screen_retriever_macos (0.0.1):
    - FlutterMacOS
  - sqflite_darwin (0.0.4):
    - Flutter
    - FlutterMacOS
  - video_player_avfoundation (0.0.1):
    - Flutter
    - FlutterMacOS
  - window_manager (0.2.0):
    - FlutterMacOS

DEPENDENCIES:
  - audioplayers_darwin (from `Flutter/ephemeral/.symlinks/plugins/audioplayers_darwin/darwin`)
  - flutter_avif_macos (from `Flutter/ephemeral/.symlinks/plugins/flutter_avif_macos/macos`)
  - flutter_steamworks (from `Flutter/ephemeral/.symlinks/plugins/flutter_steamworks/macos`)
  - FlutterMacOS (from `Flutter/ephemeral`)
  - fvp (from `Flutter/ephemeral/.symlinks/plugins/fvp/darwin`)
  - hotkey_manager_macos (from `Flutter/ephemeral/.symlinks/plugins/hotkey_manager_macos/macos`)
  - path_provider_foundation (from `Flutter/ephemeral/.symlinks/plugins/path_provider_foundation/darwin`)
  - screen_retriever_macos (from `Flutter/ephemeral/.symlinks/plugins/screen_retriever_macos/macos`)
  - sqflite_darwin (from `Flutter/ephemeral/.symlinks/plugins/sqflite_darwin/darwin`)
  - video_player_avfoundation (from `Flutter/ephemeral/.symlinks/plugins/video_player_avfoundation/darwin`)
  - window_manager (from `Flutter/ephemeral/.symlinks/plugins/window_manager/macos`)

SPEC REPOS:
  trunk:
    - HotKey
    - mdk

EXTERNAL SOURCES:
  audioplayers_darwin:
    :path: Flutter/ephemeral/.symlinks/plugins/audioplayers_darwin/darwin
  flutter_avif_macos:
    :path: Flutter/ephemeral/.symlinks/plugins/flutter_avif_macos/macos
  flutter_steamworks:
    :path: Flutter/ephemeral/.symlinks/plugins/flutter_steamworks/macos
  FlutterMacOS:
    :path: Flutter/ephemeral
  fvp:
    :path: Flutter/ephemeral/.symlinks/plugins/fvp/darwin
  hotkey_manager_macos:
    :path: Flutter/ephemeral/.symlinks/plugins/hotkey_manager_macos/macos
  path_provider_foundation:
    :path: Flutter/ephemeral/.symlinks/plugins/path_provider_foundation/darwin
  screen_retriever_macos:
    :path: Flutter/ephemeral/.symlinks/plugins/screen_retriever_macos/macos
  sqflite_darwin:
    :path: Flutter/ephemeral/.symlinks/plugins/sqflite_darwin/darwin
  video_player_avfoundation:
    :path: Flutter/ephemeral/.symlinks/plugins/video_player_avfoundation/darwin
  window_manager:
    :path: Flutter/ephemeral/.symlinks/plugins/window_manager/macos

SPEC CHECKSUMS:
  audioplayers_darwin: 4f9ca89d92d3d21cec7ec580e78ca888e5fb68bd
  flutter_avif_macos: 9ed61d67adfbd6964eccb59971020fb55c31fc11
  flutter_steamworks: 24d022b3907352a560fb585b4951e09ce9a031d0
  FlutterMacOS: d0db08ddef1a9af05a5ec4b724367152bb0500b1
  fvp: 48709d265d435e8b2989e07aeb253989514d03e3
  HotKey: 400beb7caa29054ea8d864c96f5ba7e5b4852277
  hotkey_manager_macos: a4317849af96d2430fa89944d3c58977ca089fbe
  mdk: c54ab482a3457f754b2bf6b4b615c117379f5885
  path_provider_foundation: 080d55be775b7414fd5a5ef3ac137b97b097e564
  screen_retriever_macos: 452e51764a9e1cdb74b3c541238795849f21557f
  sqflite_darwin: 20b2a3a3b70e43edae938624ce550a3cbf66a3d0
  video_player_avfoundation: 2cef49524dd1f16c5300b9cd6efd9611ce03639b
  window_manager: 1d01fa7ac65a6e6f83b965471b1a7fdd3f06166c

PODFILE CHECKSUM: 54d867c82ac51cbd61b565781b9fada492027009

COCOAPODS: 1.16.2
